
Microsoft Visual Studio Solution File, Format Version 12.00
# Visual Studio Version 17
VisualStudioVersion = 17.10.34928.147
MinimumVisualStudioVersion = 10.0.40219.1
Project("{9A19103F-16F7-4668-BE54-9A1E7A4F7556}") = "SQLCraft.DataAccess", "SQLCraft.DataAccess\SQLCraft.DataAccess.csproj", "{E1B6C6FC-D01D-46CE-BD32-CFDD25530987}"
EndProject
Project("{9A19103F-16F7-4668-BE54-9A1E7A4F7556}") = "SQLCraft.Models", "SQLCraft.Models\SQLCraft.Models.csproj", "{DDA8DFD1-B8C2-47CE-9B83-7F72B1C3FF28}"
EndProject
Project("{9A19103F-16F7-4668-BE54-9A1E7A4F7556}") = "SQLCraft.Utility", "SQLCraft.Utility\SQLCraft.Utility.csproj", "{AADD53C6-29AE-4B2E-B3DB-E665559FBA40}"
EndProject
Project("{9A19103F-16F7-4668-BE54-9A1E7A4F7556}") = "Riddle.Warehouse.DataAccess", "Riddle.Warehouse.DataAccess\Riddle.Warehouse.DataAccess.csproj", "{81301BB9-9E0A-4753-AF69-87D91E873917}"
EndProject
Project("{9A19103F-16F7-4668-BE54-9A1E7A4F7556}") = "Riddle.Warehouse.Models", "Riddle.Warehouse.Models\Riddle.Warehouse.Models.csproj", "{E9658FC8-A792-4861-A80D-12171AEC8128}"
EndProject
Project("{9A19103F-16F7-4668-BE54-9A1E7A4F7556}") = "SQLCraft.Services", "SQLCraft.Services\SQLCraft.Services.csproj", "{AB19A8E2-064A-4499-B30E-38EA62B75C3E}"
EndProject
Project("{9A19103F-16F7-4668-BE54-9A1E7A4F7556}") = "Riddle.Bank.DataAccess", "Riddle.Bank.DataAccess\Riddle.Bank.DataAccess.csproj", "{01EC542F-2F48-45D2-9CE2-BB8BAB26A3BC}"
EndProject
Project("{9A19103F-16F7-4668-BE54-9A1E7A4F7556}") = "Riddle.Bank.Models", "Riddle.Bank.Models\Riddle.Bank.Models.csproj", "{7BFE05DD-AE42-469F-A1CC-FA4EDB0E9706}"
EndProject
Project("{9A19103F-16F7-4668-BE54-9A1E7A4F7556}") = "Riddle.Warehouse.TestCases.DataAccess", "Riddle.Warehouse.TestCases.DataAccess\Riddle.Warehouse.TestCases.DataAccess.csproj", "{4C0405DB-C44E-4235-995B-5E23970EEBD5}"
EndProject
Project("{9A19103F-16F7-4668-BE54-9A1E7A4F7556}") = "Riddle.University.DataAccess", "Riddle.University.DataAccess\Riddle.University.DataAccess.csproj", "{32FBE897-0B1F-4976-9877-B9ECA5D9B8D9}"
EndProject
Project("{9A19103F-16F7-4668-BE54-9A1E7A4F7556}") = "Riddle.University.Models", "Riddle.University.Models\Riddle.University.Models.csproj", "{A77A540E-AE6E-4F0A-BB55-DCEDA7823A93}"
EndProject
Project("{9A19103F-16F7-4668-BE54-9A1E7A4F7556}") = "Riddle.University.TestCases.DataAccess", "Riddle.University.TestCases.DataAccess\Riddle.University.TestCases.DataAccess.csproj", "{2999FE7D-7D6E-4C42-8882-25135557DE7B}"
EndProject
Project("{9A19103F-16F7-4668-BE54-9A1E7A4F7556}") = "Riddle.Bank.TestCases.DataAccess", "Riddle.Bank.TestCases.DataAccess\Riddle.Bank.TestCases.DataAccess.csproj", "{31991A45-4595-4B23-AF01-CDF17B609B62}"
EndProject
Project("{9A19103F-16F7-4668-BE54-9A1E7A4F7556}") = "SQLCraftFront", "SQLCraftFront\SQLCraftFront.csproj", "{3807B9A7-DCBE-4E24-916B-EFF0D1B7E23B}"
EndProject
Project("{9A19103F-16F7-4668-BE54-9A1E7A4F7556}") = "SQLCraft.API", "SQLCraft.API\SQLCraft.API.csproj", "{1D911217-EB62-4990-903D-FA0ADE8E188B}"
EndProject
Project("{FAE04EC0-301F-11D3-BF4B-00C04F79EFBC}") = "SQLCraft.Tests", "SQLCraft.Tests\SQLCraft.Tests.csproj", "{B7EF5CB4-A6D0-46D4-A571-0BD9A3517C68}"
EndProject
Global
	GlobalSection(SolutionConfigurationPlatforms) = preSolution
		Debug|Any CPU = Debug|Any CPU
		Release|Any CPU = Release|Any CPU
	EndGlobalSection
	GlobalSection(ProjectConfigurationPlatforms) = postSolution
		{E1B6C6FC-D01D-46CE-BD32-CFDD25530987}.Debug|Any CPU.ActiveCfg = Debug|Any CPU
		{E1B6C6FC-D01D-46CE-BD32-CFDD25530987}.Debug|Any CPU.Build.0 = Debug|Any CPU
		{E1B6C6FC-D01D-46CE-BD32-CFDD25530987}.Release|Any CPU.ActiveCfg = Release|Any CPU
		{E1B6C6FC-D01D-46CE-BD32-CFDD25530987}.Release|Any CPU.Build.0 = Release|Any CPU
		{DDA8DFD1-B8C2-47CE-9B83-7F72B1C3FF28}.Debug|Any CPU.ActiveCfg = Debug|Any CPU
		{DDA8DFD1-B8C2-47CE-9B83-7F72B1C3FF28}.Debug|Any CPU.Build.0 = Debug|Any CPU
		{DDA8DFD1-B8C2-47CE-9B83-7F72B1C3FF28}.Release|Any CPU.ActiveCfg = Release|Any CPU
		{DDA8DFD1-B8C2-47CE-9B83-7F72B1C3FF28}.Release|Any CPU.Build.0 = Release|Any CPU
		{AADD53C6-29AE-4B2E-B3DB-E665559FBA40}.Debug|Any CPU.ActiveCfg = Debug|Any CPU
		{AADD53C6-29AE-4B2E-B3DB-E665559FBA40}.Debug|Any CPU.Build.0 = Debug|Any CPU
		{AADD53C6-29AE-4B2E-B3DB-E665559FBA40}.Release|Any CPU.ActiveCfg = Release|Any CPU
		{AADD53C6-29AE-4B2E-B3DB-E665559FBA40}.Release|Any CPU.Build.0 = Release|Any CPU
		{81301BB9-9E0A-4753-AF69-87D91E873917}.Debug|Any CPU.ActiveCfg = Debug|Any CPU
		{81301BB9-9E0A-4753-AF69-87D91E873917}.Debug|Any CPU.Build.0 = Debug|Any CPU
		{81301BB9-9E0A-4753-AF69-87D91E873917}.Release|Any CPU.ActiveCfg = Release|Any CPU
		{81301BB9-9E0A-4753-AF69-87D91E873917}.Release|Any CPU.Build.0 = Release|Any CPU
		{E9658FC8-A792-4861-A80D-12171AEC8128}.Debug|Any CPU.ActiveCfg = Debug|Any CPU
		{E9658FC8-A792-4861-A80D-12171AEC8128}.Debug|Any CPU.Build.0 = Debug|Any CPU
		{E9658FC8-A792-4861-A80D-12171AEC8128}.Release|Any CPU.ActiveCfg = Release|Any CPU
		{E9658FC8-A792-4861-A80D-12171AEC8128}.Release|Any CPU.Build.0 = Release|Any CPU
		{AB19A8E2-064A-4499-B30E-38EA62B75C3E}.Debug|Any CPU.ActiveCfg = Debug|Any CPU
		{AB19A8E2-064A-4499-B30E-38EA62B75C3E}.Debug|Any CPU.Build.0 = Debug|Any CPU
		{AB19A8E2-064A-4499-B30E-38EA62B75C3E}.Release|Any CPU.ActiveCfg = Release|Any CPU
		{AB19A8E2-064A-4499-B30E-38EA62B75C3E}.Release|Any CPU.Build.0 = Release|Any CPU
		{01EC542F-2F48-45D2-9CE2-BB8BAB26A3BC}.Debug|Any CPU.ActiveCfg = Debug|Any CPU
		{01EC542F-2F48-45D2-9CE2-BB8BAB26A3BC}.Debug|Any CPU.Build.0 = Debug|Any CPU
		{01EC542F-2F48-45D2-9CE2-BB8BAB26A3BC}.Release|Any CPU.ActiveCfg = Release|Any CPU
		{01EC542F-2F48-45D2-9CE2-BB8BAB26A3BC}.Release|Any CPU.Build.0 = Release|Any CPU
		{7BFE05DD-AE42-469F-A1CC-FA4EDB0E9706}.Debug|Any CPU.ActiveCfg = Debug|Any CPU
		{7BFE05DD-AE42-469F-A1CC-FA4EDB0E9706}.Debug|Any CPU.Build.0 = Debug|Any CPU
		{7BFE05DD-AE42-469F-A1CC-FA4EDB0E9706}.Release|Any CPU.ActiveCfg = Release|Any CPU
		{7BFE05DD-AE42-469F-A1CC-FA4EDB0E9706}.Release|Any CPU.Build.0 = Release|Any CPU
		{4C0405DB-C44E-4235-995B-5E23970EEBD5}.Debug|Any CPU.ActiveCfg = Debug|Any CPU
		{4C0405DB-C44E-4235-995B-5E23970EEBD5}.Debug|Any CPU.Build.0 = Debug|Any CPU
		{4C0405DB-C44E-4235-995B-5E23970EEBD5}.Release|Any CPU.ActiveCfg = Release|Any CPU
		{4C0405DB-C44E-4235-995B-5E23970EEBD5}.Release|Any CPU.Build.0 = Release|Any CPU
		{32FBE897-0B1F-4976-9877-B9ECA5D9B8D9}.Debug|Any CPU.ActiveCfg = Debug|Any CPU
		{32FBE897-0B1F-4976-9877-B9ECA5D9B8D9}.Debug|Any CPU.Build.0 = Debug|Any CPU
		{32FBE897-0B1F-4976-9877-B9ECA5D9B8D9}.Release|Any CPU.ActiveCfg = Release|Any CPU
		{32FBE897-0B1F-4976-9877-B9ECA5D9B8D9}.Release|Any CPU.Build.0 = Release|Any CPU
		{A77A540E-AE6E-4F0A-BB55-DCEDA7823A93}.Debug|Any CPU.ActiveCfg = Debug|Any CPU
		{A77A540E-AE6E-4F0A-BB55-DCEDA7823A93}.Debug|Any CPU.Build.0 = Debug|Any CPU
		{A77A540E-AE6E-4F0A-BB55-DCEDA7823A93}.Release|Any CPU.ActiveCfg = Release|Any CPU
		{A77A540E-AE6E-4F0A-BB55-DCEDA7823A93}.Release|Any CPU.Build.0 = Release|Any CPU
		{2999FE7D-7D6E-4C42-8882-25135557DE7B}.Debug|Any CPU.ActiveCfg = Debug|Any CPU
		{2999FE7D-7D6E-4C42-8882-25135557DE7B}.Debug|Any CPU.Build.0 = Debug|Any CPU
		{2999FE7D-7D6E-4C42-8882-25135557DE7B}.Release|Any CPU.ActiveCfg = Release|Any CPU
		{2999FE7D-7D6E-4C42-8882-25135557DE7B}.Release|Any CPU.Build.0 = Release|Any CPU
		{31991A45-4595-4B23-AF01-CDF17B609B62}.Debug|Any CPU.ActiveCfg = Debug|Any CPU
		{31991A45-4595-4B23-AF01-CDF17B609B62}.Debug|Any CPU.Build.0 = Debug|Any CPU
		{31991A45-4595-4B23-AF01-CDF17B609B62}.Release|Any CPU.ActiveCfg = Release|Any CPU
		{31991A45-4595-4B23-AF01-CDF17B609B62}.Release|Any CPU.Build.0 = Release|Any CPU
		{3807B9A7-DCBE-4E24-916B-EFF0D1B7E23B}.Debug|Any CPU.ActiveCfg = Debug|Any CPU
		{3807B9A7-DCBE-4E24-916B-EFF0D1B7E23B}.Debug|Any CPU.Build.0 = Debug|Any CPU
		{3807B9A7-DCBE-4E24-916B-EFF0D1B7E23B}.Release|Any CPU.ActiveCfg = Release|Any CPU
		{3807B9A7-DCBE-4E24-916B-EFF0D1B7E23B}.Release|Any CPU.Build.0 = Release|Any CPU
		{1D911217-EB62-4990-903D-FA0ADE8E188B}.Debug|Any CPU.ActiveCfg = Debug|Any CPU
		{1D911217-EB62-4990-903D-FA0ADE8E188B}.Debug|Any CPU.Build.0 = Debug|Any CPU
		{1D911217-EB62-4990-903D-FA0ADE8E188B}.Release|Any CPU.ActiveCfg = Release|Any CPU
		{1D911217-EB62-4990-903D-FA0ADE8E188B}.Release|Any CPU.Build.0 = Release|Any CPU
		{B7EF5CB4-A6D0-46D4-A571-0BD9A3517C68}.Debug|Any CPU.ActiveCfg = Debug|Any CPU
		{B7EF5CB4-A6D0-46D4-A571-0BD9A3517C68}.Debug|Any CPU.Build.0 = Debug|Any CPU
		{B7EF5CB4-A6D0-46D4-A571-0BD9A3517C68}.Release|Any CPU.ActiveCfg = Release|Any CPU
		{B7EF5CB4-A6D0-46D4-A571-0BD9A3517C68}.Release|Any CPU.Build.0 = Release|Any CPU
	EndGlobalSection
	GlobalSection(SolutionProperties) = preSolution
		HideSolutionNode = FALSE
	EndGlobalSection
	GlobalSection(ExtensibilityGlobals) = postSolution
		SolutionGuid = {17EBC812-CCC5-4E12-9D37-C883A2242F48}
	EndGlobalSection
EndGlobal
